
Microsoft Visual Studio Solution File, Format Version 12.00
# Visual Studio Version 17
VisualStudioVersion = 17.5.33414.496
MinimumVisualStudioVersion = 10.0.40219.1
Project("{9A19103F-16F7-4668-BE54-9A1E7A4F7556}") = "App", "App.csproj", "{5D81BFC3-E0E8-4A01-B1D3-6355B3DA2D0D}"
EndProject
Project("{FAE04EC0-301F-11D3-BF4B-00C04F79EFBC}") = "App.UnitTest", "..\App.UnitTest\App.UnitTest.csproj", "{889B5277-45F6-452D-8B2D-9460DC3A28B8}"
EndProject
Global
	GlobalSection(SolutionConfigurationPlatforms) = preSolution
		Debug|Any CPU = Debug|Any CPU
		Release|Any CPU = Release|Any CPU
	EndGlobalSection
	GlobalSection(ProjectConfigurationPlatforms) = postSolution
		{5D81BFC3-E0E8-4A01-B1D3-6355B3DA2D0D}.Debug|Any CPU.ActiveCfg = Debug|Any CPU
		{5D81BFC3-E0E8-4A01-B1D3-6355B3DA2D0D}.Debug|Any CPU.Build.0 = Debug|Any CPU
		{5D81BFC3-E0E8-4A01-B1D3-6355B3DA2D0D}.Release|Any CPU.ActiveCfg = Release|Any CPU
		{5D81BFC3-E0E8-4A01-B1D3-6355B3DA2D0D}.Release|Any CPU.Build.0 = Release|Any CPU
		{889B5277-45F6-452D-8B2D-9460DC3A28B8}.Debug|Any CPU.ActiveCfg = Debug|Any CPU
		{889B5277-45F6-452D-8B2D-9460DC3A28B8}.Debug|Any CPU.Build.0 = Debug|Any CPU
		{889B5277-45F6-452D-8B2D-9460DC3A28B8}.Release|Any CPU.ActiveCfg = Release|Any CPU
		{889B5277-45F6-452D-8B2D-9460DC3A28B8}.Release|Any CPU.Build.0 = Release|Any CPU
	EndGlobalSection
	GlobalSection(SolutionProperties) = preSolution
		HideSolutionNode = FALSE
	EndGlobalSection
	GlobalSection(ExtensibilityGlobals) = postSolution
		SolutionGuid = {CF74A2B0-76AA-4041-A1B2-020BA7209AC4}
	EndGlobalSection
EndGlobal
